
Microsoft Visual Studio Solution File, Format Version 11.00
# Visual Studio 2010
Project("{FAE04EC0-301F-11D3-BF4B-00C04F79EFBC}") = "Ludum Dare 40 Ship", "Assembly-CSharp.csproj", "{B583628D-F0B1-FA35-57E7-8B80FF97C54C}"
EndProject
Global
	GlobalSection(SolutionConfigurationPlatforms) = preSolution
		Debug|Any CPU = Debug|Any CPU
		Release|Any CPU = Release|Any CPU
	EndGlobalSection
	GlobalSection(ProjectConfigurationPlatforms) = postSolution
		{B583628D-F0B1-FA35-57E7-8B80FF97C54C}.Debug|Any CPU.ActiveCfg = Debug|Any CPU
		{B583628D-F0B1-FA35-57E7-8B80FF97C54C}.Debug|Any CPU.Build.0 = Debug|Any CPU
		{B583628D-F0B1-FA35-57E7-8B80FF97C54C}.Release|Any CPU.ActiveCfg = Release|Any CPU
		{B583628D-F0B1-FA35-57E7-8B80FF97C54C}.Release|Any CPU.Build.0 = Release|Any CPU
	EndGlobalSection
	GlobalSection(SolutionProperties) = preSolution
		HideSolutionNode = FALSE
	EndGlobalSection
	GlobalSection(MonoDevelopProperties) = preSolution
		StartupItem = Assembly-CSharp.csproj
	EndGlobalSection
EndGlobal
